
Microsoft Visual Studio Solution File, Format Version 12.00
# Visual Studio 15
VisualStudioVersion = 15.0.26730.16
MinimumVisualStudioVersion = 10.0.40219.1
Project("{2150E333-8FDC-42A3-9474-1A3956D46DE8}") = "test", "test", "{F839B7BC-95F8-42E5-BEFC-3BD32585D7AE}"
EndProject
Project("{9A19103F-16F7-4668-BE54-9A1E7A4F7556}") = "FM.Exceptions", "FM.Exceptions\FM.Exceptions.csproj", "{41828495-555B-4B9A-99A2-479D32873089}"
EndProject
Project("{FAE04EC0-301F-11D3-BF4B-00C04F79EFBC}") = "Coretest", "tests\Coretest\Coretest.csproj", "{81DAC0FE-6893-48FD-A879-F5E55810E1EF}"
EndProject
Project("{FAE04EC0-301F-11D3-BF4B-00C04F79EFBC}") = "frameworkTest", "tests\frameworkTest\frameworkTest.csproj", "{8ADF81D8-5D9A-4BA0-8D49-DA15FE97BDE6}"
EndProject
Global
	GlobalSection(SolutionConfigurationPlatforms) = preSolution
		Debug|Any CPU = Debug|Any CPU
		Release|Any CPU = Release|Any CPU
	EndGlobalSection
	GlobalSection(ProjectConfigurationPlatforms) = postSolution
		{41828495-555B-4B9A-99A2-479D32873089}.Debug|Any CPU.ActiveCfg = Debug|Any CPU
		{41828495-555B-4B9A-99A2-479D32873089}.Debug|Any CPU.Build.0 = Debug|Any CPU
		{41828495-555B-4B9A-99A2-479D32873089}.Release|Any CPU.ActiveCfg = Release|Any CPU
		{41828495-555B-4B9A-99A2-479D32873089}.Release|Any CPU.Build.0 = Release|Any CPU
		{81DAC0FE-6893-48FD-A879-F5E55810E1EF}.Debug|Any CPU.ActiveCfg = Debug|Any CPU
		{81DAC0FE-6893-48FD-A879-F5E55810E1EF}.Debug|Any CPU.Build.0 = Debug|Any CPU
		{81DAC0FE-6893-48FD-A879-F5E55810E1EF}.Release|Any CPU.ActiveCfg = Release|Any CPU
		{81DAC0FE-6893-48FD-A879-F5E55810E1EF}.Release|Any CPU.Build.0 = Release|Any CPU
		{8ADF81D8-5D9A-4BA0-8D49-DA15FE97BDE6}.Debug|Any CPU.ActiveCfg = Debug|Any CPU
		{8ADF81D8-5D9A-4BA0-8D49-DA15FE97BDE6}.Debug|Any CPU.Build.0 = Debug|Any CPU
		{8ADF81D8-5D9A-4BA0-8D49-DA15FE97BDE6}.Release|Any CPU.ActiveCfg = Release|Any CPU
		{8ADF81D8-5D9A-4BA0-8D49-DA15FE97BDE6}.Release|Any CPU.Build.0 = Release|Any CPU
	EndGlobalSection
	GlobalSection(SolutionProperties) = preSolution
		HideSolutionNode = FALSE
	EndGlobalSection
	GlobalSection(NestedProjects) = preSolution
		{81DAC0FE-6893-48FD-A879-F5E55810E1EF} = {F839B7BC-95F8-42E5-BEFC-3BD32585D7AE}
		{8ADF81D8-5D9A-4BA0-8D49-DA15FE97BDE6} = {F839B7BC-95F8-42E5-BEFC-3BD32585D7AE}
	EndGlobalSection
	GlobalSection(ExtensibilityGlobals) = postSolution
		SolutionGuid = {9A882075-DAAC-4A9E-8109-0242F0572B45}
	EndGlobalSection
EndGlobal
